
Microsoft Visual Studio Solution File, Format Version 12.00
# Visual Studio 14
VisualStudioVersion = 14.0.25420.1
MinimumVisualStudioVersion = 10.0.40219.1
Project("{FAE04EC0-301F-11D3-BF4B-00C04F79EFBC}") = "ProjectOxford", "ProjectOxford\ProjectOxford\ProjectOxford.csproj", "{EB6DBB5D-8CBA-4997-A5BA-521124E850C7}"
EndProject
Project("{FAE04EC0-301F-11D3-BF4B-00C04F79EFBC}") = "ProjectOxford.Droid", "ProjectOxford\ProjectOxford.Droid\ProjectOxford.Droid.csproj", "{A567B736-A2FA-4F75-97C3-97AD8F51B3A1}"
EndProject
Project("{FAE04EC0-301F-11D3-BF4B-00C04F79EFBC}") = "ProjectOxford.iOS", "ProjectOxford\ProjectOxford.iOS\ProjectOxford.iOS.csproj", "{D2A7FF4A-1C9C-400B-BB75-62EE3B2CD0AF}"
EndProject
Project("{FAE04EC0-301F-11D3-BF4B-00C04F79EFBC}") = "ProjectOxford.WinPhone", "ProjectOxford\ProjectOxford.WinPhone\ProjectOxford.WinPhone.csproj", "{1CA7983C-A180-4A9D-BC81-30ECFAE0B204}"
EndProject
Project("{FAE04EC0-301F-11D3-BF4B-00C04F79EFBC}") = "ProjectOxford.UWP", "ProjectOxford\ProjectOxford.UWP\ProjectOxford.UWP.csproj", "{DF35EB20-9116-4CF1-8E86-D9D33B12474E}"
EndProject
Project("{FAE04EC0-301F-11D3-BF4B-00C04F79EFBC}") = "ProjectOxford.Windows", "ProjectOxford\ProjectOxford.Windows\ProjectOxford.Windows.csproj", "{649CC7CA-D151-4729-8841-A556405828E0}"
EndProject
Global
	GlobalSection(SolutionConfigurationPlatforms) = preSolution
		Ad-Hoc|Any CPU = Ad-Hoc|Any CPU
		Ad-Hoc|ARM = Ad-Hoc|ARM
		Ad-Hoc|iPhone = Ad-Hoc|iPhone
		Ad-Hoc|iPhoneSimulator = Ad-Hoc|iPhoneSimulator
		Ad-Hoc|x64 = Ad-Hoc|x64
		Ad-Hoc|x86 = Ad-Hoc|x86
		AppStore|Any CPU = AppStore|Any CPU
		AppStore|ARM = AppStore|ARM
		AppStore|iPhone = AppStore|iPhone
		AppStore|iPhoneSimulator = AppStore|iPhoneSimulator
		AppStore|x64 = AppStore|x64
		AppStore|x86 = AppStore|x86
		Debug|Any CPU = Debug|Any CPU
		Debug|ARM = Debug|ARM
		Debug|iPhone = Debug|iPhone
		Debug|iPhoneSimulator = Debug|iPhoneSimulator
		Debug|x64 = Debug|x64
		Debug|x86 = Debug|x86
		Release|Any CPU = Release|Any CPU
		Release|ARM = Release|ARM
		Release|iPhone = Release|iPhone
		Release|iPhoneSimulator = Release|iPhoneSimulator
		Release|x64 = Release|x64
		Release|x86 = Release|x86
	EndGlobalSection
	GlobalSection(ProjectConfigurationPlatforms) = postSolution
		{EB6DBB5D-8CBA-4997-A5BA-521124E850C7}.Ad-Hoc|Any CPU.ActiveCfg = Release|Any CPU
		{EB6DBB5D-8CBA-4997-A5BA-521124E850C7}.Ad-Hoc|Any CPU.Build.0 = Release|Any CPU
		{EB6DBB5D-8CBA-4997-A5BA-521124E850C7}.Ad-Hoc|ARM.ActiveCfg = Release|Any CPU
		{EB6DBB5D-8CBA-4997-A5BA-521124E850C7}.Ad-Hoc|ARM.Build.0 = Release|Any CPU
		{EB6DBB5D-8CBA-4997-A5BA-521124E850C7}.Ad-Hoc|iPhone.ActiveCfg = Release|Any CPU
		{EB6DBB5D-8CBA-4997-A5BA-521124E850C7}.Ad-Hoc|iPhone.Build.0 = Release|Any CPU
		{EB6DBB5D-8CBA-4997-A5BA-521124E850C7}.Ad-Hoc|iPhoneSimulator.ActiveCfg = Release|Any CPU
		{EB6DBB5D-8CBA-4997-A5BA-521124E850C7}.Ad-Hoc|iPhoneSimulator.Build.0 = Release|Any CPU
		{EB6DBB5D-8CBA-4997-A5BA-521124E850C7}.Ad-Hoc|x64.ActiveCfg = Release|Any CPU
		{EB6DBB5D-8CBA-4997-A5BA-521124E850C7}.Ad-Hoc|x64.Build.0 = Release|Any CPU
		{EB6DBB5D-8CBA-4997-A5BA-521124E850C7}.Ad-Hoc|x86.ActiveCfg = Release|Any CPU
		{EB6DBB5D-8CBA-4997-A5BA-521124E850C7}.Ad-Hoc|x86.Build.0 = Release|Any CPU
		{EB6DBB5D-8CBA-4997-A5BA-521124E850C7}.AppStore|Any CPU.ActiveCfg = Release|Any CPU
		{EB6DBB5D-8CBA-4997-A5BA-521124E850C7}.AppStore|Any CPU.Build.0 = Release|Any CPU
		{EB6DBB5D-8CBA-4997-A5BA-521124E850C7}.AppStore|ARM.ActiveCfg = Release|Any CPU
		{EB6DBB5D-8CBA-4997-A5BA-521124E850C7}.AppStore|ARM.Build.0 = Release|Any CPU
		{EB6DBB5D-8CBA-4997-A5BA-521124E850C7}.AppStore|iPhone.ActiveCfg = Release|Any CPU
		{EB6DBB5D-8CBA-4997-A5BA-521124E850C7}.AppStore|iPhone.Build.0 = Release|Any CPU
		{EB6DBB5D-8CBA-4997-A5BA-521124E850C7}.AppStore|iPhoneSimulator.ActiveCfg = Release|Any CPU
		{EB6DBB5D-8CBA-4997-A5BA-521124E850C7}.AppStore|iPhoneSimulator.Build.0 = Release|Any CPU
		{EB6DBB5D-8CBA-4997-A5BA-521124E850C7}.AppStore|x64.ActiveCfg = Release|Any CPU
		{EB6DBB5D-8CBA-4997-A5BA-521124E850C7}.AppStore|x64.Build.0 = Release|Any CPU
		{EB6DBB5D-8CBA-4997-A5BA-521124E850C7}.AppStore|x86.ActiveCfg = Release|Any CPU
		{EB6DBB5D-8CBA-4997-A5BA-521124E850C7}.AppStore|x86.Build.0 = Release|Any CPU
		{EB6DBB5D-8CBA-4997-A5BA-521124E850C7}.Debug|Any CPU.ActiveCfg = Debug|Any CPU
		{EB6DBB5D-8CBA-4997-A5BA-521124E850C7}.Debug|Any CPU.Build.0 = Debug|Any CPU
		{EB6DBB5D-8CBA-4997-A5BA-521124E850C7}.Debug|ARM.ActiveCfg = Debug|Any CPU
		{EB6DBB5D-8CBA-4997-A5BA-521124E850C7}.Debug|ARM.Build.0 = Debug|Any CPU
		{EB6DBB5D-8CBA-4997-A5BA-521124E850C7}.Debug|iPhone.ActiveCfg = Debug|Any CPU
		{EB6DBB5D-8CBA-4997-A5BA-521124E850C7}.Debug|iPhone.Build.0 = Debug|Any CPU
		{EB6DBB5D-8CBA-4997-A5BA-521124E850C7}.Debug|iPhoneSimulator.ActiveCfg = Debug|Any CPU
		{EB6DBB5D-8CBA-4997-A5BA-521124E850C7}.Debug|iPhoneSimulator.Build.0 = Debug|Any CPU
		{EB6DBB5D-8CBA-4997-A5BA-521124E850C7}.Debug|x64.ActiveCfg = Debug|Any CPU
		{EB6DBB5D-8CBA-4997-A5BA-521124E850C7}.Debug|x64.Build.0 = Debug|Any CPU
		{EB6DBB5D-8CBA-4997-A5BA-521124E850C7}.Debug|x86.ActiveCfg = Debug|Any CPU
		{EB6DBB5D-8CBA-4997-A5BA-521124E850C7}.Debug|x86.Build.0 = Debug|Any CPU
		{EB6DBB5D-8CBA-4997-A5BA-521124E850C7}.Release|Any CPU.ActiveCfg = Release|Any CPU
		{EB6DBB5D-8CBA-4997-A5BA-521124E850C7}.Release|Any CPU.Build.0 = Release|Any CPU
		{EB6DBB5D-8CBA-4997-A5BA-521124E850C7}.Release|ARM.ActiveCfg = Release|Any CPU
		{EB6DBB5D-8CBA-4997-A5BA-521124E850C7}.Release|ARM.Build.0 = Release|Any CPU
		{EB6DBB5D-8CBA-4997-A5BA-521124E850C7}.Release|iPhone.ActiveCfg = Release|Any CPU
		{EB6DBB5D-8CBA-4997-A5BA-521124E850C7}.Release|iPhone.Build.0 = Release|Any CPU
		{EB6DBB5D-8CBA-4997-A5BA-521124E850C7}.Release|iPhoneSimulator.ActiveCfg = Release|Any CPU
		{EB6DBB5D-8CBA-4997-A5BA-521124E850C7}.Release|iPhoneSimulator.Build.0 = Release|Any CPU
		{EB6DBB5D-8CBA-4997-A5BA-521124E850C7}.Release|x64.ActiveCfg = Release|Any CPU
		{EB6DBB5D-8CBA-4997-A5BA-521124E850C7}.Release|x64.Build.0 = Release|Any CPU
		{EB6DBB5D-8CBA-4997-A5BA-521124E850C7}.Release|x86.ActiveCfg = Release|Any CPU
		{EB6DBB5D-8CBA-4997-A5BA-521124E850C7}.Release|x86.Build.0 = Release|Any CPU
		{A567B736-A2FA-4F75-97C3-97AD8F51B3A1}.Ad-Hoc|Any CPU.ActiveCfg = Release|Any CPU
		{A567B736-A2FA-4F75-97C3-97AD8F51B3A1}.Ad-Hoc|Any CPU.Build.0 = Release|Any CPU
		{A567B736-A2FA-4F75-97C3-97AD8F51B3A1}.Ad-Hoc|Any CPU.Deploy.0 = Release|Any CPU
		{A567B736-A2FA-4F75-97C3-97AD8F51B3A1}.Ad-Hoc|ARM.ActiveCfg = Release|Any CPU
		{A567B736-A2FA-4F75-97C3-97AD8F51B3A1}.Ad-Hoc|ARM.Build.0 = Release|Any CPU
		{A567B736-A2FA-4F75-97C3-97AD8F51B3A1}.Ad-Hoc|ARM.Deploy.0 = Release|Any CPU
		{A567B736-A2FA-4F75-97C3-97AD8F51B3A1}.Ad-Hoc|iPhone.ActiveCfg = Release|Any CPU
		{A567B736-A2FA-4F75-97C3-97AD8F51B3A1}.Ad-Hoc|iPhone.Build.0 = Release|Any CPU
		{A567B736-A2FA-4F75-97C3-97AD8F51B3A1}.Ad-Hoc|iPhone.Deploy.0 = Release|Any CPU
		{A567B736-A2FA-4F75-97C3-97AD8F51B3A1}.Ad-Hoc|iPhoneSimulator.ActiveCfg = Release|Any CPU
		{A567B736-A2FA-4F75-97C3-97AD8F51B3A1}.Ad-Hoc|iPhoneSimulator.Build.0 = Release|Any CPU
		{A567B736-A2FA-4F75-97C3-97AD8F51B3A1}.Ad-Hoc|iPhoneSimulator.Deploy.0 = Release|Any CPU
		{A567B736-A2FA-4F75-97C3-97AD8F51B3A1}.Ad-Hoc|x64.ActiveCfg = Release|Any CPU
		{A567B736-A2FA-4F75-97C3-97AD8F51B3A1}.Ad-Hoc|x64.Build.0 = Release|Any CPU
		{A567B736-A2FA-4F75-97C3-97AD8F51B3A1}.Ad-Hoc|x64.Deploy.0 = Release|Any CPU
		{A567B736-A2FA-4F75-97C3-97AD8F51B3A1}.Ad-Hoc|x86.ActiveCfg = Release|Any CPU
		{A567B736-A2FA-4F75-97C3-97AD8F51B3A1}.Ad-Hoc|x86.Build.0 = Release|Any CPU
		{A567B736-A2FA-4F75-97C3-97AD8F51B3A1}.Ad-Hoc|x86.Deploy.0 = Release|Any CPU
		{A567B736-A2FA-4F75-97C3-97AD8F51B3A1}.AppStore|Any CPU.ActiveCfg = Release|Any CPU
		{A567B736-A2FA-4F75-97C3-97AD8F51B3A1}.AppStore|Any CPU.Build.0 = Release|Any CPU
		{A567B736-A2FA-4F75-97C3-97AD8F51B3A1}.AppStore|Any CPU.Deploy.0 = Release|Any CPU
		{A567B736-A2FA-4F75-97C3-97AD8F51B3A1}.AppStore|ARM.ActiveCfg = Release|Any CPU
		{A567B736-A2FA-4F75-97C3-97AD8F51B3A1}.AppStore|ARM.Build.0 = Release|Any CPU
		{A567B736-A2FA-4F75-97C3-97AD8F51B3A1}.AppStore|ARM.Deploy.0 = Release|Any CPU
		{A567B736-A2FA-4F75-97C3-97AD8F51B3A1}.AppStore|iPhone.ActiveCfg = Release|Any CPU
		{A567B736-A2FA-4F75-97C3-97AD8F51B3A1}.AppStore|iPhone.Build.0 = Release|Any CPU
		{A567B736-A2FA-4F75-97C3-97AD8F51B3A1}.AppStore|iPhone.Deploy.0 = Release|Any CPU
		{A567B736-A2FA-4F75-97C3-97AD8F51B3A1}.AppStore|iPhoneSimulator.ActiveCfg = Release|Any CPU
		{A567B736-A2FA-4F75-97C3-97AD8F51B3A1}.AppStore|iPhoneSimulator.Build.0 = Release|Any CPU
		{A567B736-A2FA-4F75-97C3-97AD8F51B3A1}.AppStore|iPhoneSimulator.Deploy.0 = Release|Any CPU
		{A567B736-A2FA-4F75-97C3-97AD8F51B3A1}.AppStore|x64.ActiveCfg = Release|Any CPU
		{A567B736-A2FA-4F75-97C3-97AD8F51B3A1}.AppStore|x64.Build.0 = Release|Any CPU
		{A567B736-A2FA-4F75-97C3-97AD8F51B3A1}.AppStore|x64.Deploy.0 = Release|Any CPU
		{A567B736-A2FA-4F75-97C3-97AD8F51B3A1}.AppStore|x86.ActiveCfg = Release|Any CPU
		{A567B736-A2FA-4F75-97C3-97AD8F51B3A1}.AppStore|x86.Build.0 = Release|Any CPU
		{A567B736-A2FA-4F75-97C3-97AD8F51B3A1}.AppStore|x86.Deploy.0 = Release|Any CPU
		{A567B736-A2FA-4F75-97C3-97AD8F51B3A1}.Debug|Any CPU.ActiveCfg = Release|Any CPU
		{A567B736-A2FA-4F75-97C3-97AD8F51B3A1}.Debug|Any CPU.Build.0 = Release|Any CPU
		{A567B736-A2FA-4F75-97C3-97AD8F51B3A1}.Debug|Any CPU.Deploy.0 = Release|Any CPU
		{A567B736-A2FA-4F75-97C3-97AD8F51B3A1}.Debug|ARM.ActiveCfg = Debug|Any CPU
		{A567B736-A2FA-4F75-97C3-97AD8F51B3A1}.Debug|ARM.Build.0 = Debug|Any CPU
		{A567B736-A2FA-4F75-97C3-97AD8F51B3A1}.Debug|ARM.Deploy.0 = Debug|Any CPU
		{A567B736-A2FA-4F75-97C3-97AD8F51B3A1}.Debug|iPhone.ActiveCfg = Debug|Any CPU
		{A567B736-A2FA-4F75-97C3-97AD8F51B3A1}.Debug|iPhone.Build.0 = Debug|Any CPU
		{A567B736-A2FA-4F75-97C3-97AD8F51B3A1}.Debug|iPhone.Deploy.0 = Debug|Any CPU
		{A567B736-A2FA-4F75-97C3-97AD8F51B3A1}.Debug|iPhoneSimulator.ActiveCfg = Debug|Any CPU
		{A567B736-A2FA-4F75-97C3-97AD8F51B3A1}.Debug|iPhoneSimulator.Build.0 = Debug|Any CPU
		{A567B736-A2FA-4F75-97C3-97AD8F51B3A1}.Debug|iPhoneSimulator.Deploy.0 = Debug|Any CPU
		{A567B736-A2FA-4F75-97C3-97AD8F51B3A1}.Debug|x64.ActiveCfg = Debug|Any CPU
		{A567B736-A2FA-4F75-97C3-97AD8F51B3A1}.Debug|x64.Build.0 = Debug|Any CPU
		{A567B736-A2FA-4F75-97C3-97AD8F51B3A1}.Debug|x64.Deploy.0 = Debug|Any CPU
		{A567B736-A2FA-4F75-97C3-97AD8F51B3A1}.Debug|x86.ActiveCfg = Debug|Any CPU
		{A567B736-A2FA-4F75-97C3-97AD8F51B3A1}.Debug|x86.Build.0 = Debug|Any CPU
		{A567B736-A2FA-4F75-97C3-97AD8F51B3A1}.Debug|x86.Deploy.0 = Debug|Any CPU
		{A567B736-A2FA-4F75-97C3-97AD8F51B3A1}.Release|Any CPU.ActiveCfg = Release|Any CPU
		{A567B736-A2FA-4F75-97C3-97AD8F51B3A1}.Release|Any CPU.Build.0 = Release|Any CPU
		{A567B736-A2FA-4F75-97C3-97AD8F51B3A1}.Release|Any CPU.Deploy.0 = Release|Any CPU
		{A567B736-A2FA-4F75-97C3-97AD8F51B3A1}.Release|ARM.ActiveCfg = Release|Any CPU
		{A567B736-A2FA-4F75-97C3-97AD8F51B3A1}.Release|ARM.Build.0 = Release|Any CPU
		{A567B736-A2FA-4F75-97C3-97AD8F51B3A1}.Release|ARM.Deploy.0 = Release|Any CPU
		{A567B736-A2FA-4F75-97C3-97AD8F51B3A1}.Release|iPhone.ActiveCfg = Release|Any CPU
		{A567B736-A2FA-4F75-97C3-97AD8F51B3A1}.Release|iPhone.Build.0 = Release|Any CPU
		{A567B736-A2FA-4F75-97C3-97AD8F51B3A1}.Release|iPhone.Deploy.0 = Release|Any CPU
		{A567B736-A2FA-4F75-97C3-97AD8F51B3A1}.Release|iPhoneSimulator.ActiveCfg = Release|Any CPU
		{A567B736-A2FA-4F75-97C3-97AD8F51B3A1}.Release|iPhoneSimulator.Build.0 = Release|Any CPU
		{A567B736-A2FA-4F75-97C3-97AD8F51B3A1}.Release|iPhoneSimulator.Deploy.0 = Release|Any CPU
		{A567B736-A2FA-4F75-97C3-97AD8F51B3A1}.Release|x64.ActiveCfg = Release|Any CPU
		{A567B736-A2FA-4F75-97C3-97AD8F51B3A1}.Release|x64.Build.0 = Release|Any CPU
		{A567B736-A2FA-4F75-97C3-97AD8F51B3A1}.Release|x64.Deploy.0 = Release|Any CPU
		{A567B736-A2FA-4F75-97C3-97AD8F51B3A1}.Release|x86.ActiveCfg = Release|Any CPU
		{A567B736-A2FA-4F75-97C3-97AD8F51B3A1}.Release|x86.Build.0 = Release|Any CPU
		{A567B736-A2FA-4F75-97C3-97AD8F51B3A1}.Release|x86.Deploy.0 = Release|Any CPU
		{D2A7FF4A-1C9C-400B-BB75-62EE3B2CD0AF}.Ad-Hoc|Any CPU.ActiveCfg = Ad-Hoc|iPhone
		{D2A7FF4A-1C9C-400B-BB75-62EE3B2CD0AF}.Ad-Hoc|ARM.ActiveCfg = Ad-Hoc|iPhone
		{D2A7FF4A-1C9C-400B-BB75-62EE3B2CD0AF}.Ad-Hoc|iPhone.ActiveCfg = Ad-Hoc|iPhone
		{D2A7FF4A-1C9C-400B-BB75-62EE3B2CD0AF}.Ad-Hoc|iPhone.Build.0 = Ad-Hoc|iPhone
		{D2A7FF4A-1C9C-400B-BB75-62EE3B2CD0AF}.Ad-Hoc|iPhoneSimulator.ActiveCfg = Ad-Hoc|iPhoneSimulator
		{D2A7FF4A-1C9C-400B-BB75-62EE3B2CD0AF}.Ad-Hoc|iPhoneSimulator.Build.0 = Ad-Hoc|iPhoneSimulator
		{D2A7FF4A-1C9C-400B-BB75-62EE3B2CD0AF}.Ad-Hoc|x64.ActiveCfg = Ad-Hoc|iPhone
		{D2A7FF4A-1C9C-400B-BB75-62EE3B2CD0AF}.Ad-Hoc|x86.ActiveCfg = Ad-Hoc|iPhone
		{D2A7FF4A-1C9C-400B-BB75-62EE3B2CD0AF}.AppStore|Any CPU.ActiveCfg = AppStore|iPhone
		{D2A7FF4A-1C9C-400B-BB75-62EE3B2CD0AF}.AppStore|ARM.ActiveCfg = AppStore|iPhone
		{D2A7FF4A-1C9C-400B-BB75-62EE3B2CD0AF}.AppStore|iPhone.ActiveCfg = AppStore|iPhone
		{D2A7FF4A-1C9C-400B-BB75-62EE3B2CD0AF}.AppStore|iPhone.Build.0 = AppStore|iPhone
		{D2A7FF4A-1C9C-400B-BB75-62EE3B2CD0AF}.AppStore|iPhoneSimulator.ActiveCfg = AppStore|iPhoneSimulator
		{D2A7FF4A-1C9C-400B-BB75-62EE3B2CD0AF}.AppStore|iPhoneSimulator.Build.0 = AppStore|iPhoneSimulator
		{D2A7FF4A-1C9C-400B-BB75-62EE3B2CD0AF}.AppStore|x64.ActiveCfg = AppStore|iPhone
		{D2A7FF4A-1C9C-400B-BB75-62EE3B2CD0AF}.AppStore|x86.ActiveCfg = AppStore|iPhone
		{D2A7FF4A-1C9C-400B-BB75-62EE3B2CD0AF}.Debug|Any CPU.ActiveCfg = Debug|iPhone
		{D2A7FF4A-1C9C-400B-BB75-62EE3B2CD0AF}.Debug|ARM.ActiveCfg = Debug|iPhone
		{D2A7FF4A-1C9C-400B-BB75-62EE3B2CD0AF}.Debug|iPhone.ActiveCfg = Debug|iPhone
		{D2A7FF4A-1C9C-400B-BB75-62EE3B2CD0AF}.Debug|iPhone.Build.0 = Debug|iPhone
		{D2A7FF4A-1C9C-400B-BB75-62EE3B2CD0AF}.Debug|iPhoneSimulator.ActiveCfg = Debug|iPhoneSimulator
		{D2A7FF4A-1C9C-400B-BB75-62EE3B2CD0AF}.Debug|iPhoneSimulator.Build.0 = Debug|iPhoneSimulator
		{D2A7FF4A-1C9C-400B-BB75-62EE3B2CD0AF}.Debug|x64.ActiveCfg = Debug|iPhone
		{D2A7FF4A-1C9C-400B-BB75-62EE3B2CD0AF}.Debug|x86.ActiveCfg = Debug|iPhone
		{D2A7FF4A-1C9C-400B-BB75-62EE3B2CD0AF}.Release|Any CPU.ActiveCfg = Release|iPhone
		{D2A7FF4A-1C9C-400B-BB75-62EE3B2CD0AF}.Release|ARM.ActiveCfg = Release|iPhone
		{D2A7FF4A-1C9C-400B-BB75-62EE3B2CD0AF}.Release|iPhone.ActiveCfg = Release|iPhone
		{D2A7FF4A-1C9C-400B-BB75-62EE3B2CD0AF}.Release|iPhone.Build.0 = Release|iPhone
		{D2A7FF4A-1C9C-400B-BB75-62EE3B2CD0AF}.Release|iPhoneSimulator.ActiveCfg = Release|iPhoneSimulator
		{D2A7FF4A-1C9C-400B-BB75-62EE3B2CD0AF}.Release|iPhoneSimulator.Build.0 = Release|iPhoneSimulator
		{D2A7FF4A-1C9C-400B-BB75-62EE3B2CD0AF}.Release|x64.ActiveCfg = Release|iPhone
		{D2A7FF4A-1C9C-400B-BB75-62EE3B2CD0AF}.Release|x86.ActiveCfg = Release|iPhone
		{1CA7983C-A180-4A9D-BC81-30ECFAE0B204}.Ad-Hoc|Any CPU.ActiveCfg = Release|Any CPU
		{1CA7983C-A180-4A9D-BC81-30ECFAE0B204}.Ad-Hoc|Any CPU.Build.0 = Release|Any CPU
		{1CA7983C-A180-4A9D-BC81-30ECFAE0B204}.Ad-Hoc|Any CPU.Deploy.0 = Release|Any CPU
		{1CA7983C-A180-4A9D-BC81-30ECFAE0B204}.Ad-Hoc|ARM.ActiveCfg = Release|ARM
		{1CA7983C-A180-4A9D-BC81-30ECFAE0B204}.Ad-Hoc|ARM.Build.0 = Release|ARM
		{1CA7983C-A180-4A9D-BC81-30ECFAE0B204}.Ad-Hoc|ARM.Deploy.0 = Release|ARM
		{1CA7983C-A180-4A9D-BC81-30ECFAE0B204}.Ad-Hoc|iPhone.ActiveCfg = Release|Any CPU
		{1CA7983C-A180-4A9D-BC81-30ECFAE0B204}.Ad-Hoc|iPhone.Build.0 = Release|Any CPU
		{1CA7983C-A180-4A9D-BC81-30ECFAE0B204}.Ad-Hoc|iPhone.Deploy.0 = Release|Any CPU
		{1CA7983C-A180-4A9D-BC81-30ECFAE0B204}.Ad-Hoc|iPhoneSimulator.ActiveCfg = Release|Any CPU
		{1CA7983C-A180-4A9D-BC81-30ECFAE0B204}.Ad-Hoc|iPhoneSimulator.Build.0 = Release|Any CPU
		{1CA7983C-A180-4A9D-BC81-30ECFAE0B204}.Ad-Hoc|iPhoneSimulator.Deploy.0 = Release|Any CPU
		{1CA7983C-A180-4A9D-BC81-30ECFAE0B204}.Ad-Hoc|x64.ActiveCfg = Release|Any CPU
		{1CA7983C-A180-4A9D-BC81-30ECFAE0B204}.Ad-Hoc|x64.Build.0 = Release|Any CPU
		{1CA7983C-A180-4A9D-BC81-30ECFAE0B204}.Ad-Hoc|x64.Deploy.0 = Release|Any CPU
		{1CA7983C-A180-4A9D-BC81-30ECFAE0B204}.Ad-Hoc|x86.ActiveCfg = Release|x86
		{1CA7983C-A180-4A9D-BC81-30ECFAE0B204}.Ad-Hoc|x86.Build.0 = Release|x86
		{1CA7983C-A180-4A9D-BC81-30ECFAE0B204}.Ad-Hoc|x86.Deploy.0 = Release|x86
		{1CA7983C-A180-4A9D-BC81-30ECFAE0B204}.AppStore|Any CPU.ActiveCfg = Release|Any CPU
		{1CA7983C-A180-4A9D-BC81-30ECFAE0B204}.AppStore|Any CPU.Build.0 = Release|Any CPU
		{1CA7983C-A180-4A9D-BC81-30ECFAE0B204}.AppStore|Any CPU.Deploy.0 = Release|Any CPU
		{1CA7983C-A180-4A9D-BC81-30ECFAE0B204}.AppStore|ARM.ActiveCfg = Release|ARM
		{1CA7983C-A180-4A9D-BC81-30ECFAE0B204}.AppStore|ARM.Build.0 = Release|ARM
		{1CA7983C-A180-4A9D-BC81-30ECFAE0B204}.AppStore|ARM.Deploy.0 = Release|ARM
		{1CA7983C-A180-4A9D-BC81-30ECFAE0B204}.AppStore|iPhone.ActiveCfg = Release|Any CPU
		{1CA7983C-A180-4A9D-BC81-30ECFAE0B204}.AppStore|iPhone.Build.0 = Release|Any CPU
		{1CA7983C-A180-4A9D-BC81-30ECFAE0B204}.AppStore|iPhone.Deploy.0 = Release|Any CPU
		{1CA7983C-A180-4A9D-BC81-30ECFAE0B204}.AppStore|iPhoneSimulator.ActiveCfg = Release|Any CPU
		{1CA7983C-A180-4A9D-BC81-30ECFAE0B204}.AppStore|iPhoneSimulator.Build.0 = Release|Any CPU
		{1CA7983C-A180-4A9D-BC81-30ECFAE0B204}.AppStore|iPhoneSimulator.Deploy.0 = Release|Any CPU
		{1CA7983C-A180-4A9D-BC81-30ECFAE0B204}.AppStore|x64.ActiveCfg = Release|Any CPU
		{1CA7983C-A180-4A9D-BC81-30ECFAE0B204}.AppStore|x64.Build.0 = Release|Any CPU
		{1CA7983C-A180-4A9D-BC81-30ECFAE0B204}.AppStore|x64.Deploy.0 = Release|Any CPU
		{1CA7983C-A180-4A9D-BC81-30ECFAE0B204}.AppStore|x86.ActiveCfg = Release|x86
		{1CA7983C-A180-4A9D-BC81-30ECFAE0B204}.AppStore|x86.Build.0 = Release|x86
		{1CA7983C-A180-4A9D-BC81-30ECFAE0B204}.AppStore|x86.Deploy.0 = Release|x86
		{1CA7983C-A180-4A9D-BC81-30ECFAE0B204}.Debug|Any CPU.ActiveCfg = Debug|Any CPU
		{1CA7983C-A180-4A9D-BC81-30ECFAE0B204}.Debug|Any CPU.Build.0 = Debug|Any CPU
		{1CA7983C-A180-4A9D-BC81-30ECFAE0B204}.Debug|Any CPU.Deploy.0 = Debug|Any CPU
		{1CA7983C-A180-4A9D-BC81-30ECFAE0B204}.Debug|ARM.ActiveCfg = Debug|ARM
		{1CA7983C-A180-4A9D-BC81-30ECFAE0B204}.Debug|ARM.Build.0 = Debug|ARM
		{1CA7983C-A180-4A9D-BC81-30ECFAE0B204}.Debug|ARM.Deploy.0 = Debug|ARM
		{1CA7983C-A180-4A9D-BC81-30ECFAE0B204}.Debug|iPhone.ActiveCfg = Debug|Any CPU
		{1CA7983C-A180-4A9D-BC81-30ECFAE0B204}.Debug|iPhone.Build.0 = Debug|Any CPU
		{1CA7983C-A180-4A9D-BC81-30ECFAE0B204}.Debug|iPhone.Deploy.0 = Debug|Any CPU
		{1CA7983C-A180-4A9D-BC81-30ECFAE0B204}.Debug|iPhoneSimulator.ActiveCfg = Debug|Any CPU
		{1CA7983C-A180-4A9D-BC81-30ECFAE0B204}.Debug|iPhoneSimulator.Build.0 = Debug|Any CPU
		{1CA7983C-A180-4A9D-BC81-30ECFAE0B204}.Debug|iPhoneSimulator.Deploy.0 = Debug|Any CPU
		{1CA7983C-A180-4A9D-BC81-30ECFAE0B204}.Debug|x64.ActiveCfg = Debug|Any CPU
		{1CA7983C-A180-4A9D-BC81-30ECFAE0B204}.Debug|x64.Build.0 = Debug|Any CPU
		{1CA7983C-A180-4A9D-BC81-30ECFAE0B204}.Debug|x64.Deploy.0 = Debug|Any CPU
		{1CA7983C-A180-4A9D-BC81-30ECFAE0B204}.Debug|x86.ActiveCfg = Debug|x86
		{1CA7983C-A180-4A9D-BC81-30ECFAE0B204}.Debug|x86.Build.0 = Debug|x86
		{1CA7983C-A180-4A9D-BC81-30ECFAE0B204}.Debug|x86.Deploy.0 = Debug|x86
		{1CA7983C-A180-4A9D-BC81-30ECFAE0B204}.Release|Any CPU.ActiveCfg = Release|Any CPU
		{1CA7983C-A180-4A9D-BC81-30ECFAE0B204}.Release|Any CPU.Build.0 = Release|Any CPU
		{1CA7983C-A180-4A9D-BC81-30ECFAE0B204}.Release|Any CPU.Deploy.0 = Release|Any CPU
		{1CA7983C-A180-4A9D-BC81-30ECFAE0B204}.Release|ARM.ActiveCfg = Release|ARM
		{1CA7983C-A180-4A9D-BC81-30ECFAE0B204}.Release|ARM.Build.0 = Release|ARM
		{1CA7983C-A180-4A9D-BC81-30ECFAE0B204}.Release|ARM.Deploy.0 = Release|ARM
		{1CA7983C-A180-4A9D-BC81-30ECFAE0B204}.Release|iPhone.ActiveCfg = Release|Any CPU
		{1CA7983C-A180-4A9D-BC81-30ECFAE0B204}.Release|iPhone.Build.0 = Release|Any CPU
		{1CA7983C-A180-4A9D-BC81-30ECFAE0B204}.Release|iPhone.Deploy.0 = Release|Any CPU
		{1CA7983C-A180-4A9D-BC81-30ECFAE0B204}.Release|iPhoneSimulator.ActiveCfg = Release|Any CPU
		{1CA7983C-A180-4A9D-BC81-30ECFAE0B204}.Release|iPhoneSimulator.Build.0 = Release|Any CPU
		{1CA7983C-A180-4A9D-BC81-30ECFAE0B204}.Release|iPhoneSimulator.Deploy.0 = Release|Any CPU
		{1CA7983C-A180-4A9D-BC81-30ECFAE0B204}.Release|x64.ActiveCfg = Release|Any CPU
		{1CA7983C-A180-4A9D-BC81-30ECFAE0B204}.Release|x64.Build.0 = Release|Any CPU
		{1CA7983C-A180-4A9D-BC81-30ECFAE0B204}.Release|x64.Deploy.0 = Release|Any CPU
		{1CA7983C-A180-4A9D-BC81-30ECFAE0B204}.Release|x86.ActiveCfg = Release|x86
		{1CA7983C-A180-4A9D-BC81-30ECFAE0B204}.Release|x86.Build.0 = Release|x86
		{1CA7983C-A180-4A9D-BC81-30ECFAE0B204}.Release|x86.Deploy.0 = Release|x86
		{DF35EB20-9116-4CF1-8E86-D9D33B12474E}.Ad-Hoc|Any CPU.ActiveCfg = Release|x86
		{DF35EB20-9116-4CF1-8E86-D9D33B12474E}.Ad-Hoc|Any CPU.Build.0 = Release|x86
		{DF35EB20-9116-4CF1-8E86-D9D33B12474E}.Ad-Hoc|Any CPU.Deploy.0 = Release|x86
		{DF35EB20-9116-4CF1-8E86-D9D33B12474E}.Ad-Hoc|ARM.ActiveCfg = Release|ARM
		{DF35EB20-9116-4CF1-8E86-D9D33B12474E}.Ad-Hoc|ARM.Build.0 = Release|ARM
		{DF35EB20-9116-4CF1-8E86-D9D33B12474E}.Ad-Hoc|ARM.Deploy.0 = Release|ARM
		{DF35EB20-9116-4CF1-8E86-D9D33B12474E}.Ad-Hoc|iPhone.ActiveCfg = Release|x86
		{DF35EB20-9116-4CF1-8E86-D9D33B12474E}.Ad-Hoc|iPhone.Build.0 = Release|x86
		{DF35EB20-9116-4CF1-8E86-D9D33B12474E}.Ad-Hoc|iPhone.Deploy.0 = Release|x86
		{DF35EB20-9116-4CF1-8E86-D9D33B12474E}.Ad-Hoc|iPhoneSimulator.ActiveCfg = Release|x86
		{DF35EB20-9116-4CF1-8E86-D9D33B12474E}.Ad-Hoc|iPhoneSimulator.Build.0 = Release|x86
		{DF35EB20-9116-4CF1-8E86-D9D33B12474E}.Ad-Hoc|iPhoneSimulator.Deploy.0 = Release|x86
		{DF35EB20-9116-4CF1-8E86-D9D33B12474E}.Ad-Hoc|x64.ActiveCfg = Release|x64
		{DF35EB20-9116-4CF1-8E86-D9D33B12474E}.Ad-Hoc|x64.Build.0 = Release|x64
		{DF35EB20-9116-4CF1-8E86-D9D33B12474E}.Ad-Hoc|x64.Deploy.0 = Release|x64
		{DF35EB20-9116-4CF1-8E86-D9D33B12474E}.Ad-Hoc|x86.ActiveCfg = Release|x86
		{DF35EB20-9116-4CF1-8E86-D9D33B12474E}.Ad-Hoc|x86.Build.0 = Release|x86
		{DF35EB20-9116-4CF1-8E86-D9D33B12474E}.Ad-Hoc|x86.Deploy.0 = Release|x86
		{DF35EB20-9116-4CF1-8E86-D9D33B12474E}.AppStore|Any CPU.ActiveCfg = Release|x86
		{DF35EB20-9116-4CF1-8E86-D9D33B12474E}.AppStore|Any CPU.Build.0 = Release|x86
		{DF35EB20-9116-4CF1-8E86-D9D33B12474E}.AppStore|Any CPU.Deploy.0 = Release|x86
		{DF35EB20-9116-4CF1-8E86-D9D33B12474E}.AppStore|ARM.ActiveCfg = Release|ARM
		{DF35EB20-9116-4CF1-8E86-D9D33B12474E}.AppStore|ARM.Build.0 = Release|ARM
		{DF35EB20-9116-4CF1-8E86-D9D33B12474E}.AppStore|ARM.Deploy.0 = Release|ARM
		{DF35EB20-9116-4CF1-8E86-D9D33B12474E}.AppStore|iPhone.ActiveCfg = Release|x86
		{DF35EB20-9116-4CF1-8E86-D9D33B12474E}.AppStore|iPhone.Build.0 = Release|x86
		{DF35EB20-9116-4CF1-8E86-D9D33B12474E}.AppStore|iPhone.Deploy.0 = Release|x86
		{DF35EB20-9116-4CF1-8E86-D9D33B12474E}.AppStore|iPhoneSimulator.ActiveCfg = Release|x86
		{DF35EB20-9116-4CF1-8E86-D9D33B12474E}.AppStore|iPhoneSimulator.Build.0 = Release|x86
		{DF35EB20-9116-4CF1-8E86-D9D33B12474E}.AppStore|iPhoneSimulator.Deploy.0 = Release|x86
		{DF35EB20-9116-4CF1-8E86-D9D33B12474E}.AppStore|x64.ActiveCfg = Release|x64
		{DF35EB20-9116-4CF1-8E86-D9D33B12474E}.AppStore|x64.Build.0 = Release|x64
		{DF35EB20-9116-4CF1-8E86-D9D33B12474E}.AppStore|x64.Deploy.0 = Release|x64
		{DF35EB20-9116-4CF1-8E86-D9D33B12474E}.AppStore|x86.ActiveCfg = Release|x86
		{DF35EB20-9116-4CF1-8E86-D9D33B12474E}.AppStore|x86.Build.0 = Release|x86
		{DF35EB20-9116-4CF1-8E86-D9D33B12474E}.AppStore|x86.Deploy.0 = Release|x86
		{DF35EB20-9116-4CF1-8E86-D9D33B12474E}.Debug|Any CPU.ActiveCfg = Debug|x86
		{DF35EB20-9116-4CF1-8E86-D9D33B12474E}.Debug|Any CPU.Build.0 = Debug|x86
		{DF35EB20-9116-4CF1-8E86-D9D33B12474E}.Debug|Any CPU.Deploy.0 = Debug|x86
		{DF35EB20-9116-4CF1-8E86-D9D33B12474E}.Debug|ARM.ActiveCfg = Debug|ARM
		{DF35EB20-9116-4CF1-8E86-D9D33B12474E}.Debug|ARM.Build.0 = Debug|ARM
		{DF35EB20-9116-4CF1-8E86-D9D33B12474E}.Debug|ARM.Deploy.0 = Debug|ARM
		{DF35EB20-9116-4CF1-8E86-D9D33B12474E}.Debug|iPhone.ActiveCfg = Debug|x86
		{DF35EB20-9116-4CF1-8E86-D9D33B12474E}.Debug|iPhoneSimulator.ActiveCfg = Debug|x86
		{DF35EB20-9116-4CF1-8E86-D9D33B12474E}.Debug|x64.ActiveCfg = Debug|x64
		{DF35EB20-9116-4CF1-8E86-D9D33B12474E}.Debug|x64.Build.0 = Debug|x64
		{DF35EB20-9116-4CF1-8E86-D9D33B12474E}.Debug|x64.Deploy.0 = Debug|x64
		{DF35EB20-9116-4CF1-8E86-D9D33B12474E}.Debug|x86.ActiveCfg = Debug|x86
		{DF35EB20-9116-4CF1-8E86-D9D33B12474E}.Debug|x86.Build.0 = Debug|x86
		{DF35EB20-9116-4CF1-8E86-D9D33B12474E}.Debug|x86.Deploy.0 = Debug|x86
		{DF35EB20-9116-4CF1-8E86-D9D33B12474E}.Release|Any CPU.ActiveCfg = Release|x86
		{DF35EB20-9116-4CF1-8E86-D9D33B12474E}.Release|ARM.ActiveCfg = Release|ARM
		{DF35EB20-9116-4CF1-8E86-D9D33B12474E}.Release|ARM.Build.0 = Release|ARM
		{DF35EB20-9116-4CF1-8E86-D9D33B12474E}.Release|ARM.Deploy.0 = Release|ARM
		{DF35EB20-9116-4CF1-8E86-D9D33B12474E}.Release|iPhone.ActiveCfg = Release|x86
		{DF35EB20-9116-4CF1-8E86-D9D33B12474E}.Release|iPhoneSimulator.ActiveCfg = Release|x86
		{DF35EB20-9116-4CF1-8E86-D9D33B12474E}.Release|x64.ActiveCfg = Release|x64
		{DF35EB20-9116-4CF1-8E86-D9D33B12474E}.Release|x64.Build.0 = Release|x64
		{DF35EB20-9116-4CF1-8E86-D9D33B12474E}.Release|x64.Deploy.0 = Release|x64
		{DF35EB20-9116-4CF1-8E86-D9D33B12474E}.Release|x86.ActiveCfg = Release|x86
		{DF35EB20-9116-4CF1-8E86-D9D33B12474E}.Release|x86.Build.0 = Release|x86
		{DF35EB20-9116-4CF1-8E86-D9D33B12474E}.Release|x86.Deploy.0 = Release|x86
		{649CC7CA-D151-4729-8841-A556405828E0}.Ad-Hoc|Any CPU.ActiveCfg = Release|Any CPU
		{649CC7CA-D151-4729-8841-A556405828E0}.Ad-Hoc|Any CPU.Build.0 = Release|Any CPU
		{649CC7CA-D151-4729-8841-A556405828E0}.Ad-Hoc|Any CPU.Deploy.0 = Release|Any CPU
		{649CC7CA-D151-4729-8841-A556405828E0}.Ad-Hoc|ARM.ActiveCfg = Release|ARM
		{649CC7CA-D151-4729-8841-A556405828E0}.Ad-Hoc|ARM.Build.0 = Release|ARM
		{649CC7CA-D151-4729-8841-A556405828E0}.Ad-Hoc|ARM.Deploy.0 = Release|ARM
		{649CC7CA-D151-4729-8841-A556405828E0}.Ad-Hoc|iPhone.ActiveCfg = Release|Any CPU
		{649CC7CA-D151-4729-8841-A556405828E0}.Ad-Hoc|iPhone.Build.0 = Release|Any CPU
		{649CC7CA-D151-4729-8841-A556405828E0}.Ad-Hoc|iPhone.Deploy.0 = Release|Any CPU
		{649CC7CA-D151-4729-8841-A556405828E0}.Ad-Hoc|iPhoneSimulator.ActiveCfg = Release|Any CPU
		{649CC7CA-D151-4729-8841-A556405828E0}.Ad-Hoc|iPhoneSimulator.Build.0 = Release|Any CPU
		{649CC7CA-D151-4729-8841-A556405828E0}.Ad-Hoc|iPhoneSimulator.Deploy.0 = Release|Any CPU
		{649CC7CA-D151-4729-8841-A556405828E0}.Ad-Hoc|x64.ActiveCfg = Release|x64
		{649CC7CA-D151-4729-8841-A556405828E0}.Ad-Hoc|x64.Build.0 = Release|x64
		{649CC7CA-D151-4729-8841-A556405828E0}.Ad-Hoc|x64.Deploy.0 = Release|x64
		{649CC7CA-D151-4729-8841-A556405828E0}.Ad-Hoc|x86.ActiveCfg = Release|x86
		{649CC7CA-D151-4729-8841-A556405828E0}.Ad-Hoc|x86.Build.0 = Release|x86
		{649CC7CA-D151-4729-8841-A556405828E0}.Ad-Hoc|x86.Deploy.0 = Release|x86
		{649CC7CA-D151-4729-8841-A556405828E0}.AppStore|Any CPU.ActiveCfg = Release|Any CPU
		{649CC7CA-D151-4729-8841-A556405828E0}.AppStore|Any CPU.Build.0 = Release|Any CPU
		{649CC7CA-D151-4729-8841-A556405828E0}.AppStore|Any CPU.Deploy.0 = Release|Any CPU
		{649CC7CA-D151-4729-8841-A556405828E0}.AppStore|ARM.ActiveCfg = Release|ARM
		{649CC7CA-D151-4729-8841-A556405828E0}.AppStore|ARM.Build.0 = Release|ARM
		{649CC7CA-D151-4729-8841-A556405828E0}.AppStore|ARM.Deploy.0 = Release|ARM
		{649CC7CA-D151-4729-8841-A556405828E0}.AppStore|iPhone.ActiveCfg = Release|Any CPU
		{649CC7CA-D151-4729-8841-A556405828E0}.AppStore|iPhone.Build.0 = Release|Any CPU
		{649CC7CA-D151-4729-8841-A556405828E0}.AppStore|iPhone.Deploy.0 = Release|Any CPU
		{649CC7CA-D151-4729-8841-A556405828E0}.AppStore|iPhoneSimulator.ActiveCfg = Release|Any CPU
		{649CC7CA-D151-4729-8841-A556405828E0}.AppStore|iPhoneSimulator.Build.0 = Release|Any CPU
		{649CC7CA-D151-4729-8841-A556405828E0}.AppStore|iPhoneSimulator.Deploy.0 = Release|Any CPU
		{649CC7CA-D151-4729-8841-A556405828E0}.AppStore|x64.ActiveCfg = Release|x64
		{649CC7CA-D151-4729-8841-A556405828E0}.AppStore|x64.Build.0 = Release|x64
		{649CC7CA-D151-4729-8841-A556405828E0}.AppStore|x64.Deploy.0 = Release|x64
		{649CC7CA-D151-4729-8841-A556405828E0}.AppStore|x86.ActiveCfg = Release|x86
		{649CC7CA-D151-4729-8841-A556405828E0}.AppStore|x86.Build.0 = Release|x86
		{649CC7CA-D151-4729-8841-A556405828E0}.AppStore|x86.Deploy.0 = Release|x86
		{649CC7CA-D151-4729-8841-A556405828E0}.Debug|Any CPU.ActiveCfg = Debug|Any CPU
		{649CC7CA-D151-4729-8841-A556405828E0}.Debug|Any CPU.Build.0 = Debug|Any CPU
		{649CC7CA-D151-4729-8841-A556405828E0}.Debug|Any CPU.Deploy.0 = Debug|Any CPU
		{649CC7CA-D151-4729-8841-A556405828E0}.Debug|ARM.ActiveCfg = Debug|ARM
		{649CC7CA-D151-4729-8841-A556405828E0}.Debug|ARM.Build.0 = Debug|ARM
		{649CC7CA-D151-4729-8841-A556405828E0}.Debug|ARM.Deploy.0 = Debug|ARM
		{649CC7CA-D151-4729-8841-A556405828E0}.Debug|iPhone.ActiveCfg = Debug|Any CPU
		{649CC7CA-D151-4729-8841-A556405828E0}.Debug|iPhone.Build.0 = Debug|Any CPU
		{649CC7CA-D151-4729-8841-A556405828E0}.Debug|iPhone.Deploy.0 = Debug|Any CPU
		{649CC7CA-D151-4729-8841-A556405828E0}.Debug|iPhoneSimulator.ActiveCfg = Debug|Any CPU
		{649CC7CA-D151-4729-8841-A556405828E0}.Debug|iPhoneSimulator.Build.0 = Debug|Any CPU
		{649CC7CA-D151-4729-8841-A556405828E0}.Debug|iPhoneSimulator.Deploy.0 = Debug|Any CPU
		{649CC7CA-D151-4729-8841-A556405828E0}.Debug|x64.ActiveCfg = Debug|x64
		{649CC7CA-D151-4729-8841-A556405828E0}.Debug|x64.Build.0 = Debug|x64
		{649CC7CA-D151-4729-8841-A556405828E0}.Debug|x64.Deploy.0 = Debug|x64
		{649CC7CA-D151-4729-8841-A556405828E0}.Debug|x86.ActiveCfg = Debug|x86
		{649CC7CA-D151-4729-8841-A556405828E0}.Debug|x86.Build.0 = Debug|x86
		{649CC7CA-D151-4729-8841-A556405828E0}.Debug|x86.Deploy.0 = Debug|x86
		{649CC7CA-D151-4729-8841-A556405828E0}.Release|Any CPU.ActiveCfg = Release|Any CPU
		{649CC7CA-D151-4729-8841-A556405828E0}.Release|Any CPU.Build.0 = Release|Any CPU
		{649CC7CA-D151-4729-8841-A556405828E0}.Release|Any CPU.Deploy.0 = Release|Any CPU
		{649CC7CA-D151-4729-8841-A556405828E0}.Release|ARM.ActiveCfg = Release|ARM
		{649CC7CA-D151-4729-8841-A556405828E0}.Release|ARM.Build.0 = Release|ARM
		{649CC7CA-D151-4729-8841-A556405828E0}.Release|ARM.Deploy.0 = Release|ARM
		{649CC7CA-D151-4729-8841-A556405828E0}.Release|iPhone.ActiveCfg = Release|Any CPU
		{649CC7CA-D151-4729-8841-A556405828E0}.Release|iPhone.Build.0 = Release|Any CPU
		{649CC7CA-D151-4729-8841-A556405828E0}.Release|iPhone.Deploy.0 = Release|Any CPU
		{649CC7CA-D151-4729-8841-A556405828E0}.Release|iPhoneSimulator.ActiveCfg = Release|Any CPU
		{649CC7CA-D151-4729-8841-A556405828E0}.Release|iPhoneSimulator.Build.0 = Release|Any CPU
		{649CC7CA-D151-4729-8841-A556405828E0}.Release|iPhoneSimulator.Deploy.0 = Release|Any CPU
		{649CC7CA-D151-4729-8841-A556405828E0}.Release|x64.ActiveCfg = Release|x64
		{649CC7CA-D151-4729-8841-A556405828E0}.Release|x64.Build.0 = Release|x64
		{649CC7CA-D151-4729-8841-A556405828E0}.Release|x64.Deploy.0 = Release|x64
		{649CC7CA-D151-4729-8841-A556405828E0}.Release|x86.ActiveCfg = Release|x86
		{649CC7CA-D151-4729-8841-A556405828E0}.Release|x86.Build.0 = Release|x86
		{649CC7CA-D151-4729-8841-A556405828E0}.Release|x86.Deploy.0 = Release|x86
	EndGlobalSection
	GlobalSection(SolutionProperties) = preSolution
		HideSolutionNode = FALSE
	EndGlobalSection
EndGlobal
